
Microsoft Visual Studio Solution File, Format Version 12.00
# Visual Studio 15
VisualStudioVersion = 15.0.28016.0
MinimumVisualStudioVersion = 10.0.40219.1
Project("{FAE04EC0-301F-11D3-BF4B-00C04F79EFBC}") = "AppMGL.Android", "AppMGL\AppMGL.Android\AppMGL.Android.csproj", "{5080620A-EE46-4948-B0B1-6C3DC08C0787}"
EndProject
Project("{FAE04EC0-301F-11D3-BF4B-00C04F79EFBC}") = "AppMGL.iOS", "AppMGL\AppMGL.iOS\AppMGL.iOS.csproj", "{ADA6E533-504E-44DF-8621-60482278D69D}"
EndProject
Project("{FAE04EC0-301F-11D3-BF4B-00C04F79EFBC}") = "AppMGL.UWP", "AppMGL\AppMGL.UWP\AppMGL.UWP.csproj", "{CE7B5C42-9122-4553-AF2A-568FB8D571CF}"
EndProject
Project("{FAE04EC0-301F-11D3-BF4B-00C04F79EFBC}") = "AppMGL", "AppMGL\AppMGL\AppMGL.csproj", "{03E1487B-D495-4325-B97E-D3134F66C685}"
EndProject
Global
	GlobalSection(SolutionConfigurationPlatforms) = preSolution
		Ad-Hoc|Any CPU = Ad-Hoc|Any CPU
		Ad-Hoc|ARM = Ad-Hoc|ARM
		Ad-Hoc|iPhone = Ad-Hoc|iPhone
		Ad-Hoc|iPhoneSimulator = Ad-Hoc|iPhoneSimulator
		Ad-Hoc|x64 = Ad-Hoc|x64
		Ad-Hoc|x86 = Ad-Hoc|x86
		AppStore|Any CPU = AppStore|Any CPU
		AppStore|ARM = AppStore|ARM
		AppStore|iPhone = AppStore|iPhone
		AppStore|iPhoneSimulator = AppStore|iPhoneSimulator
		AppStore|x64 = AppStore|x64
		AppStore|x86 = AppStore|x86
		Debug|Any CPU = Debug|Any CPU
		Debug|ARM = Debug|ARM
		Debug|iPhone = Debug|iPhone
		Debug|iPhoneSimulator = Debug|iPhoneSimulator
		Debug|x64 = Debug|x64
		Debug|x86 = Debug|x86
		Release|Any CPU = Release|Any CPU
		Release|ARM = Release|ARM
		Release|iPhone = Release|iPhone
		Release|iPhoneSimulator = Release|iPhoneSimulator
		Release|x64 = Release|x64
		Release|x86 = Release|x86
	EndGlobalSection
	GlobalSection(ProjectConfigurationPlatforms) = postSolution
		{5080620A-EE46-4948-B0B1-6C3DC08C0787}.Ad-Hoc|Any CPU.ActiveCfg = Release|Any CPU
		{5080620A-EE46-4948-B0B1-6C3DC08C0787}.Ad-Hoc|Any CPU.Build.0 = Release|Any CPU
		{5080620A-EE46-4948-B0B1-6C3DC08C0787}.Ad-Hoc|Any CPU.Deploy.0 = Release|Any CPU
		{5080620A-EE46-4948-B0B1-6C3DC08C0787}.Ad-Hoc|ARM.ActiveCfg = Release|Any CPU
		{5080620A-EE46-4948-B0B1-6C3DC08C0787}.Ad-Hoc|ARM.Build.0 = Release|Any CPU
		{5080620A-EE46-4948-B0B1-6C3DC08C0787}.Ad-Hoc|ARM.Deploy.0 = Release|Any CPU
		{5080620A-EE46-4948-B0B1-6C3DC08C0787}.Ad-Hoc|iPhone.ActiveCfg = Release|Any CPU
		{5080620A-EE46-4948-B0B1-6C3DC08C0787}.Ad-Hoc|iPhone.Build.0 = Release|Any CPU
		{5080620A-EE46-4948-B0B1-6C3DC08C0787}.Ad-Hoc|iPhone.Deploy.0 = Release|Any CPU
		{5080620A-EE46-4948-B0B1-6C3DC08C0787}.Ad-Hoc|iPhoneSimulator.ActiveCfg = Release|Any CPU
		{5080620A-EE46-4948-B0B1-6C3DC08C0787}.Ad-Hoc|iPhoneSimulator.Build.0 = Release|Any CPU
		{5080620A-EE46-4948-B0B1-6C3DC08C0787}.Ad-Hoc|iPhoneSimulator.Deploy.0 = Release|Any CPU
		{5080620A-EE46-4948-B0B1-6C3DC08C0787}.Ad-Hoc|x64.ActiveCfg = Release|Any CPU
		{5080620A-EE46-4948-B0B1-6C3DC08C0787}.Ad-Hoc|x64.Build.0 = Release|Any CPU
		{5080620A-EE46-4948-B0B1-6C3DC08C0787}.Ad-Hoc|x64.Deploy.0 = Release|Any CPU
		{5080620A-EE46-4948-B0B1-6C3DC08C0787}.Ad-Hoc|x86.ActiveCfg = Release|Any CPU
		{5080620A-EE46-4948-B0B1-6C3DC08C0787}.Ad-Hoc|x86.Build.0 = Release|Any CPU
		{5080620A-EE46-4948-B0B1-6C3DC08C0787}.Ad-Hoc|x86.Deploy.0 = Release|Any CPU
		{5080620A-EE46-4948-B0B1-6C3DC08C0787}.AppStore|Any CPU.ActiveCfg = Release|Any CPU
		{5080620A-EE46-4948-B0B1-6C3DC08C0787}.AppStore|Any CPU.Build.0 = Release|Any CPU
		{5080620A-EE46-4948-B0B1-6C3DC08C0787}.AppStore|Any CPU.Deploy.0 = Release|Any CPU
		{5080620A-EE46-4948-B0B1-6C3DC08C0787}.AppStore|ARM.ActiveCfg = Release|Any CPU
		{5080620A-EE46-4948-B0B1-6C3DC08C0787}.AppStore|ARM.Build.0 = Release|Any CPU
		{5080620A-EE46-4948-B0B1-6C3DC08C0787}.AppStore|ARM.Deploy.0 = Release|Any CPU
		{5080620A-EE46-4948-B0B1-6C3DC08C0787}.AppStore|iPhone.ActiveCfg = Release|Any CPU
		{5080620A-EE46-4948-B0B1-6C3DC08C0787}.AppStore|iPhone.Build.0 = Release|Any CPU
		{5080620A-EE46-4948-B0B1-6C3DC08C0787}.AppStore|iPhone.Deploy.0 = Release|Any CPU
		{5080620A-EE46-4948-B0B1-6C3DC08C0787}.AppStore|iPhoneSimulator.ActiveCfg = Release|Any CPU
		{5080620A-EE46-4948-B0B1-6C3DC08C0787}.AppStore|iPhoneSimulator.Build.0 = Release|Any CPU
		{5080620A-EE46-4948-B0B1-6C3DC08C0787}.AppStore|iPhoneSimulator.Deploy.0 = Release|Any CPU
		{5080620A-EE46-4948-B0B1-6C3DC08C0787}.AppStore|x64.ActiveCfg = Release|Any CPU
		{5080620A-EE46-4948-B0B1-6C3DC08C0787}.AppStore|x64.Build.0 = Release|Any CPU
		{5080620A-EE46-4948-B0B1-6C3DC08C0787}.AppStore|x64.Deploy.0 = Release|Any CPU
		{5080620A-EE46-4948-B0B1-6C3DC08C0787}.AppStore|x86.ActiveCfg = Release|Any CPU
		{5080620A-EE46-4948-B0B1-6C3DC08C0787}.AppStore|x86.Build.0 = Release|Any CPU
		{5080620A-EE46-4948-B0B1-6C3DC08C0787}.AppStore|x86.Deploy.0 = Release|Any CPU
		{5080620A-EE46-4948-B0B1-6C3DC08C0787}.Debug|Any CPU.ActiveCfg = Debug|Any CPU
		{5080620A-EE46-4948-B0B1-6C3DC08C0787}.Debug|Any CPU.Build.0 = Debug|Any CPU
		{5080620A-EE46-4948-B0B1-6C3DC08C0787}.Debug|Any CPU.Deploy.0 = Debug|Any CPU
		{5080620A-EE46-4948-B0B1-6C3DC08C0787}.Debug|ARM.ActiveCfg = Debug|Any CPU
		{5080620A-EE46-4948-B0B1-6C3DC08C0787}.Debug|ARM.Build.0 = Debug|Any CPU
		{5080620A-EE46-4948-B0B1-6C3DC08C0787}.Debug|ARM.Deploy.0 = Debug|Any CPU
		{5080620A-EE46-4948-B0B1-6C3DC08C0787}.Debug|iPhone.ActiveCfg = Debug|Any CPU
		{5080620A-EE46-4948-B0B1-6C3DC08C0787}.Debug|iPhone.Build.0 = Debug|Any CPU
		{5080620A-EE46-4948-B0B1-6C3DC08C0787}.Debug|iPhone.Deploy.0 = Debug|Any CPU
		{5080620A-EE46-4948-B0B1-6C3DC08C0787}.Debug|iPhoneSimulator.ActiveCfg = Debug|Any CPU
		{5080620A-EE46-4948-B0B1-6C3DC08C0787}.Debug|iPhoneSimulator.Build.0 = Debug|Any CPU
		{5080620A-EE46-4948-B0B1-6C3DC08C0787}.Debug|iPhoneSimulator.Deploy.0 = Debug|Any CPU
		{5080620A-EE46-4948-B0B1-6C3DC08C0787}.Debug|x64.ActiveCfg = Debug|Any CPU
		{5080620A-EE46-4948-B0B1-6C3DC08C0787}.Debug|x64.Build.0 = Debug|Any CPU
		{5080620A-EE46-4948-B0B1-6C3DC08C0787}.Debug|x64.Deploy.0 = Debug|Any CPU
		{5080620A-EE46-4948-B0B1-6C3DC08C0787}.Debug|x86.ActiveCfg = Debug|Any CPU
		{5080620A-EE46-4948-B0B1-6C3DC08C0787}.Debug|x86.Build.0 = Debug|Any CPU
		{5080620A-EE46-4948-B0B1-6C3DC08C0787}.Debug|x86.Deploy.0 = Debug|Any CPU
		{5080620A-EE46-4948-B0B1-6C3DC08C0787}.Release|Any CPU.ActiveCfg = Release|Any CPU
		{5080620A-EE46-4948-B0B1-6C3DC08C0787}.Release|Any CPU.Build.0 = Release|Any CPU
		{5080620A-EE46-4948-B0B1-6C3DC08C0787}.Release|Any CPU.Deploy.0 = Release|Any CPU
		{5080620A-EE46-4948-B0B1-6C3DC08C0787}.Release|ARM.ActiveCfg = Release|Any CPU
		{5080620A-EE46-4948-B0B1-6C3DC08C0787}.Release|ARM.Build.0 = Release|Any CPU
		{5080620A-EE46-4948-B0B1-6C3DC08C0787}.Release|ARM.Deploy.0 = Release|Any CPU
		{5080620A-EE46-4948-B0B1-6C3DC08C0787}.Release|iPhone.ActiveCfg = Release|Any CPU
		{5080620A-EE46-4948-B0B1-6C3DC08C0787}.Release|iPhone.Build.0 = Release|Any CPU
		{5080620A-EE46-4948-B0B1-6C3DC08C0787}.Release|iPhone.Deploy.0 = Release|Any CPU
		{5080620A-EE46-4948-B0B1-6C3DC08C0787}.Release|iPhoneSimulator.ActiveCfg = Release|Any CPU
		{5080620A-EE46-4948-B0B1-6C3DC08C0787}.Release|iPhoneSimulator.Build.0 = Release|Any CPU
		{5080620A-EE46-4948-B0B1-6C3DC08C0787}.Release|iPhoneSimulator.Deploy.0 = Release|Any CPU
		{5080620A-EE46-4948-B0B1-6C3DC08C0787}.Release|x64.ActiveCfg = Release|Any CPU
		{5080620A-EE46-4948-B0B1-6C3DC08C0787}.Release|x64.Build.0 = Release|Any CPU
		{5080620A-EE46-4948-B0B1-6C3DC08C0787}.Release|x64.Deploy.0 = Release|Any CPU
		{5080620A-EE46-4948-B0B1-6C3DC08C0787}.Release|x86.ActiveCfg = Release|Any CPU
		{5080620A-EE46-4948-B0B1-6C3DC08C0787}.Release|x86.Build.0 = Release|Any CPU
		{5080620A-EE46-4948-B0B1-6C3DC08C0787}.Release|x86.Deploy.0 = Release|Any CPU
		{ADA6E533-504E-44DF-8621-60482278D69D}.Ad-Hoc|Any CPU.ActiveCfg = Ad-Hoc|iPhone
		{ADA6E533-504E-44DF-8621-60482278D69D}.Ad-Hoc|Any CPU.Build.0 = Ad-Hoc|iPhone
		{ADA6E533-504E-44DF-8621-60482278D69D}.Ad-Hoc|Any CPU.Deploy.0 = Ad-Hoc|iPhone
		{ADA6E533-504E-44DF-8621-60482278D69D}.Ad-Hoc|ARM.ActiveCfg = Ad-Hoc|iPhone
		{ADA6E533-504E-44DF-8621-60482278D69D}.Ad-Hoc|ARM.Build.0 = Ad-Hoc|iPhone
		{ADA6E533-504E-44DF-8621-60482278D69D}.Ad-Hoc|ARM.Deploy.0 = Ad-Hoc|iPhone
		{ADA6E533-504E-44DF-8621-60482278D69D}.Ad-Hoc|iPhone.ActiveCfg = Ad-Hoc|iPhone
		{ADA6E533-504E-44DF-8621-60482278D69D}.Ad-Hoc|iPhone.Build.0 = Ad-Hoc|iPhone
		{ADA6E533-504E-44DF-8621-60482278D69D}.Ad-Hoc|iPhone.Deploy.0 = Ad-Hoc|iPhone
		{ADA6E533-504E-44DF-8621-60482278D69D}.Ad-Hoc|iPhoneSimulator.ActiveCfg = Ad-Hoc|iPhoneSimulator
		{ADA6E533-504E-44DF-8621-60482278D69D}.Ad-Hoc|iPhoneSimulator.Build.0 = Ad-Hoc|iPhoneSimulator
		{ADA6E533-504E-44DF-8621-60482278D69D}.Ad-Hoc|iPhoneSimulator.Deploy.0 = Ad-Hoc|iPhoneSimulator
		{ADA6E533-504E-44DF-8621-60482278D69D}.Ad-Hoc|x64.ActiveCfg = Ad-Hoc|iPhone
		{ADA6E533-504E-44DF-8621-60482278D69D}.Ad-Hoc|x64.Build.0 = Ad-Hoc|iPhone
		{ADA6E533-504E-44DF-8621-60482278D69D}.Ad-Hoc|x64.Deploy.0 = Ad-Hoc|iPhone
		{ADA6E533-504E-44DF-8621-60482278D69D}.Ad-Hoc|x86.ActiveCfg = Ad-Hoc|iPhone
		{ADA6E533-504E-44DF-8621-60482278D69D}.Ad-Hoc|x86.Build.0 = Ad-Hoc|iPhone
		{ADA6E533-504E-44DF-8621-60482278D69D}.Ad-Hoc|x86.Deploy.0 = Ad-Hoc|iPhone
		{ADA6E533-504E-44DF-8621-60482278D69D}.AppStore|Any CPU.ActiveCfg = AppStore|iPhone
		{ADA6E533-504E-44DF-8621-60482278D69D}.AppStore|Any CPU.Build.0 = AppStore|iPhone
		{ADA6E533-504E-44DF-8621-60482278D69D}.AppStore|Any CPU.Deploy.0 = AppStore|iPhone
		{ADA6E533-504E-44DF-8621-60482278D69D}.AppStore|ARM.ActiveCfg = AppStore|iPhone
		{ADA6E533-504E-44DF-8621-60482278D69D}.AppStore|ARM.Build.0 = AppStore|iPhone
		{ADA6E533-504E-44DF-8621-60482278D69D}.AppStore|ARM.Deploy.0 = AppStore|iPhone
		{ADA6E533-504E-44DF-8621-60482278D69D}.AppStore|iPhone.ActiveCfg = AppStore|iPhone
		{ADA6E533-504E-44DF-8621-60482278D69D}.AppStore|iPhone.Build.0 = AppStore|iPhone
		{ADA6E533-504E-44DF-8621-60482278D69D}.AppStore|iPhone.Deploy.0 = AppStore|iPhone
		{ADA6E533-504E-44DF-8621-60482278D69D}.AppStore|iPhoneSimulator.ActiveCfg = AppStore|iPhoneSimulator
		{ADA6E533-504E-44DF-8621-60482278D69D}.AppStore|iPhoneSimulator.Build.0 = AppStore|iPhoneSimulator
		{ADA6E533-504E-44DF-8621-60482278D69D}.AppStore|iPhoneSimulator.Deploy.0 = AppStore|iPhoneSimulator
		{ADA6E533-504E-44DF-8621-60482278D69D}.AppStore|x64.ActiveCfg = AppStore|iPhone
		{ADA6E533-504E-44DF-8621-60482278D69D}.AppStore|x64.Build.0 = AppStore|iPhone
		{ADA6E533-504E-44DF-8621-60482278D69D}.AppStore|x64.Deploy.0 = AppStore|iPhone
		{ADA6E533-504E-44DF-8621-60482278D69D}.AppStore|x86.ActiveCfg = AppStore|iPhone
		{ADA6E533-504E-44DF-8621-60482278D69D}.AppStore|x86.Build.0 = AppStore|iPhone
		{ADA6E533-504E-44DF-8621-60482278D69D}.AppStore|x86.Deploy.0 = AppStore|iPhone
		{ADA6E533-504E-44DF-8621-60482278D69D}.Debug|Any CPU.ActiveCfg = Debug|iPhoneSimulator
		{ADA6E533-504E-44DF-8621-60482278D69D}.Debug|Any CPU.Build.0 = Debug|iPhoneSimulator
		{ADA6E533-504E-44DF-8621-60482278D69D}.Debug|Any CPU.Deploy.0 = Debug|iPhoneSimulator
		{ADA6E533-504E-44DF-8621-60482278D69D}.Debug|ARM.ActiveCfg = Debug|iPhone
		{ADA6E533-504E-44DF-8621-60482278D69D}.Debug|ARM.Build.0 = Debug|iPhone
		{ADA6E533-504E-44DF-8621-60482278D69D}.Debug|ARM.Deploy.0 = Debug|iPhone
		{ADA6E533-504E-44DF-8621-60482278D69D}.Debug|iPhone.ActiveCfg = Debug|iPhone
		{ADA6E533-504E-44DF-8621-60482278D69D}.Debug|iPhone.Build.0 = Debug|iPhone
		{ADA6E533-504E-44DF-8621-60482278D69D}.Debug|iPhone.Deploy.0 = Debug|iPhone
		{ADA6E533-504E-44DF-8621-60482278D69D}.Debug|iPhoneSimulator.ActiveCfg = Debug|iPhoneSimulator
		{ADA6E533-504E-44DF-8621-60482278D69D}.Debug|iPhoneSimulator.Build.0 = Debug|iPhoneSimulator
		{ADA6E533-504E-44DF-8621-60482278D69D}.Debug|iPhoneSimulator.Deploy.0 = Debug|iPhoneSimulator
		{ADA6E533-504E-44DF-8621-60482278D69D}.Debug|x64.ActiveCfg = Debug|iPhone
		{ADA6E533-504E-44DF-8621-60482278D69D}.Debug|x64.Build.0 = Debug|iPhone
		{ADA6E533-504E-44DF-8621-60482278D69D}.Debug|x64.Deploy.0 = Debug|iPhone
		{ADA6E533-504E-44DF-8621-60482278D69D}.Debug|x86.ActiveCfg = Debug|iPhone
		{ADA6E533-504E-44DF-8621-60482278D69D}.Debug|x86.Build.0 = Debug|iPhone
		{ADA6E533-504E-44DF-8621-60482278D69D}.Debug|x86.Deploy.0 = Debug|iPhone
		{ADA6E533-504E-44DF-8621-60482278D69D}.Release|Any CPU.ActiveCfg = Release|iPhone
		{ADA6E533-504E-44DF-8621-60482278D69D}.Release|Any CPU.Build.0 = Release|iPhone
		{ADA6E533-504E-44DF-8621-60482278D69D}.Release|Any CPU.Deploy.0 = Release|iPhone
		{ADA6E533-504E-44DF-8621-60482278D69D}.Release|ARM.ActiveCfg = Release|iPhone
		{ADA6E533-504E-44DF-8621-60482278D69D}.Release|ARM.Build.0 = Release|iPhone
		{ADA6E533-504E-44DF-8621-60482278D69D}.Release|ARM.Deploy.0 = Release|iPhone
		{ADA6E533-504E-44DF-8621-60482278D69D}.Release|iPhone.ActiveCfg = Release|iPhone
		{ADA6E533-504E-44DF-8621-60482278D69D}.Release|iPhone.Build.0 = Release|iPhone
		{ADA6E533-504E-44DF-8621-60482278D69D}.Release|iPhone.Deploy.0 = Release|iPhone
		{ADA6E533-504E-44DF-8621-60482278D69D}.Release|iPhoneSimulator.ActiveCfg = Release|iPhoneSimulator
		{ADA6E533-504E-44DF-8621-60482278D69D}.Release|iPhoneSimulator.Build.0 = Release|iPhoneSimulator
		{ADA6E533-504E-44DF-8621-60482278D69D}.Release|iPhoneSimulator.Deploy.0 = Release|iPhoneSimulator
		{ADA6E533-504E-44DF-8621-60482278D69D}.Release|x64.ActiveCfg = Release|iPhone
		{ADA6E533-504E-44DF-8621-60482278D69D}.Release|x64.Build.0 = Release|iPhone
		{ADA6E533-504E-44DF-8621-60482278D69D}.Release|x64.Deploy.0 = Release|iPhone
		{ADA6E533-504E-44DF-8621-60482278D69D}.Release|x86.ActiveCfg = Release|iPhone
		{ADA6E533-504E-44DF-8621-60482278D69D}.Release|x86.Build.0 = Release|iPhone
		{ADA6E533-504E-44DF-8621-60482278D69D}.Release|x86.Deploy.0 = Release|iPhone
		{CE7B5C42-9122-4553-AF2A-568FB8D571CF}.Ad-Hoc|Any CPU.ActiveCfg = Release|x86
		{CE7B5C42-9122-4553-AF2A-568FB8D571CF}.Ad-Hoc|Any CPU.Build.0 = Release|x86
		{CE7B5C42-9122-4553-AF2A-568FB8D571CF}.Ad-Hoc|Any CPU.Deploy.0 = Release|x86
		{CE7B5C42-9122-4553-AF2A-568FB8D571CF}.Ad-Hoc|ARM.ActiveCfg = Release|ARM
		{CE7B5C42-9122-4553-AF2A-568FB8D571CF}.Ad-Hoc|ARM.Build.0 = Release|ARM
		{CE7B5C42-9122-4553-AF2A-568FB8D571CF}.Ad-Hoc|ARM.Deploy.0 = Release|ARM
		{CE7B5C42-9122-4553-AF2A-568FB8D571CF}.Ad-Hoc|iPhone.ActiveCfg = Release|x86
		{CE7B5C42-9122-4553-AF2A-568FB8D571CF}.Ad-Hoc|iPhone.Build.0 = Release|x86
		{CE7B5C42-9122-4553-AF2A-568FB8D571CF}.Ad-Hoc|iPhone.Deploy.0 = Release|x86
		{CE7B5C42-9122-4553-AF2A-568FB8D571CF}.Ad-Hoc|iPhoneSimulator.ActiveCfg = Release|x86
		{CE7B5C42-9122-4553-AF2A-568FB8D571CF}.Ad-Hoc|iPhoneSimulator.Build.0 = Release|x86
		{CE7B5C42-9122-4553-AF2A-568FB8D571CF}.Ad-Hoc|iPhoneSimulator.Deploy.0 = Release|x86
		{CE7B5C42-9122-4553-AF2A-568FB8D571CF}.Ad-Hoc|x64.ActiveCfg = Release|x64
		{CE7B5C42-9122-4553-AF2A-568FB8D571CF}.Ad-Hoc|x64.Build.0 = Release|x64
		{CE7B5C42-9122-4553-AF2A-568FB8D571CF}.Ad-Hoc|x64.Deploy.0 = Release|x64
		{CE7B5C42-9122-4553-AF2A-568FB8D571CF}.Ad-Hoc|x86.ActiveCfg = Release|x86
		{CE7B5C42-9122-4553-AF2A-568FB8D571CF}.Ad-Hoc|x86.Build.0 = Release|x86
		{CE7B5C42-9122-4553-AF2A-568FB8D571CF}.Ad-Hoc|x86.Deploy.0 = Release|x86
		{CE7B5C42-9122-4553-AF2A-568FB8D571CF}.AppStore|Any CPU.ActiveCfg = Release|x86
		{CE7B5C42-9122-4553-AF2A-568FB8D571CF}.AppStore|Any CPU.Build.0 = Release|x86
		{CE7B5C42-9122-4553-AF2A-568FB8D571CF}.AppStore|Any CPU.Deploy.0 = Release|x86
		{CE7B5C42-9122-4553-AF2A-568FB8D571CF}.AppStore|ARM.ActiveCfg = Release|ARM
		{CE7B5C42-9122-4553-AF2A-568FB8D571CF}.AppStore|ARM.Build.0 = Release|ARM
		{CE7B5C42-9122-4553-AF2A-568FB8D571CF}.AppStore|ARM.Deploy.0 = Release|ARM
		{CE7B5C42-9122-4553-AF2A-568FB8D571CF}.AppStore|iPhone.ActiveCfg = Release|x86
		{CE7B5C42-9122-4553-AF2A-568FB8D571CF}.AppStore|iPhone.Build.0 = Release|x86
		{CE7B5C42-9122-4553-AF2A-568FB8D571CF}.AppStore|iPhone.Deploy.0 = Release|x86
		{CE7B5C42-9122-4553-AF2A-568FB8D571CF}.AppStore|iPhoneSimulator.ActiveCfg = Release|x86
		{CE7B5C42-9122-4553-AF2A-568FB8D571CF}.AppStore|iPhoneSimulator.Build.0 = Release|x86
		{CE7B5C42-9122-4553-AF2A-568FB8D571CF}.AppStore|iPhoneSimulator.Deploy.0 = Release|x86
		{CE7B5C42-9122-4553-AF2A-568FB8D571CF}.AppStore|x64.ActiveCfg = Release|x64
		{CE7B5C42-9122-4553-AF2A-568FB8D571CF}.AppStore|x64.Build.0 = Release|x64
		{CE7B5C42-9122-4553-AF2A-568FB8D571CF}.AppStore|x64.Deploy.0 = Release|x64
		{CE7B5C42-9122-4553-AF2A-568FB8D571CF}.AppStore|x86.ActiveCfg = Release|x86
		{CE7B5C42-9122-4553-AF2A-568FB8D571CF}.AppStore|x86.Build.0 = Release|x86
		{CE7B5C42-9122-4553-AF2A-568FB8D571CF}.AppStore|x86.Deploy.0 = Release|x86
		{CE7B5C42-9122-4553-AF2A-568FB8D571CF}.Debug|Any CPU.ActiveCfg = Debug|x86
		{CE7B5C42-9122-4553-AF2A-568FB8D571CF}.Debug|Any CPU.Build.0 = Debug|x86
		{CE7B5C42-9122-4553-AF2A-568FB8D571CF}.Debug|Any CPU.Deploy.0 = Debug|x86
		{CE7B5C42-9122-4553-AF2A-568FB8D571CF}.Debug|ARM.ActiveCfg = Debug|ARM
		{CE7B5C42-9122-4553-AF2A-568FB8D571CF}.Debug|ARM.Build.0 = Debug|ARM
		{CE7B5C42-9122-4553-AF2A-568FB8D571CF}.Debug|ARM.Deploy.0 = Debug|ARM
		{CE7B5C42-9122-4553-AF2A-568FB8D571CF}.Debug|iPhone.ActiveCfg = Debug|x86
		{CE7B5C42-9122-4553-AF2A-568FB8D571CF}.Debug|iPhone.Build.0 = Debug|x86
		{CE7B5C42-9122-4553-AF2A-568FB8D571CF}.Debug|iPhone.Deploy.0 = Debug|x86
		{CE7B5C42-9122-4553-AF2A-568FB8D571CF}.Debug|iPhoneSimulator.ActiveCfg = Debug|x86
		{CE7B5C42-9122-4553-AF2A-568FB8D571CF}.Debug|iPhoneSimulator.Build.0 = Debug|x86
		{CE7B5C42-9122-4553-AF2A-568FB8D571CF}.Debug|iPhoneSimulator.Deploy.0 = Debug|x86
		{CE7B5C42-9122-4553-AF2A-568FB8D571CF}.Debug|x64.ActiveCfg = Debug|x64
		{CE7B5C42-9122-4553-AF2A-568FB8D571CF}.Debug|x64.Build.0 = Debug|x64
		{CE7B5C42-9122-4553-AF2A-568FB8D571CF}.Debug|x64.Deploy.0 = Debug|x64
		{CE7B5C42-9122-4553-AF2A-568FB8D571CF}.Debug|x86.ActiveCfg = Debug|x86
		{CE7B5C42-9122-4553-AF2A-568FB8D571CF}.Debug|x86.Build.0 = Debug|x86
		{CE7B5C42-9122-4553-AF2A-568FB8D571CF}.Debug|x86.Deploy.0 = Debug|x86
		{CE7B5C42-9122-4553-AF2A-568FB8D571CF}.Release|Any CPU.ActiveCfg = Release|x86
		{CE7B5C42-9122-4553-AF2A-568FB8D571CF}.Release|Any CPU.Build.0 = Release|x86
		{CE7B5C42-9122-4553-AF2A-568FB8D571CF}.Release|Any CPU.Deploy.0 = Release|x86
		{CE7B5C42-9122-4553-AF2A-568FB8D571CF}.Release|ARM.ActiveCfg = Release|ARM
		{CE7B5C42-9122-4553-AF2A-568FB8D571CF}.Release|ARM.Build.0 = Release|ARM
		{CE7B5C42-9122-4553-AF2A-568FB8D571CF}.Release|ARM.Deploy.0 = Release|ARM
		{CE7B5C42-9122-4553-AF2A-568FB8D571CF}.Release|iPhone.ActiveCfg = Release|x86
		{CE7B5C42-9122-4553-AF2A-568FB8D571CF}.Release|iPhone.Build.0 = Release|x86
		{CE7B5C42-9122-4553-AF2A-568FB8D571CF}.Release|iPhone.Deploy.0 = Release|x86
		{CE7B5C42-9122-4553-AF2A-568FB8D571CF}.Release|iPhoneSimulator.ActiveCfg = Release|x86
		{CE7B5C42-9122-4553-AF2A-568FB8D571CF}.Release|iPhoneSimulator.Build.0 = Release|x86
		{CE7B5C42-9122-4553-AF2A-568FB8D571CF}.Release|iPhoneSimulator.Deploy.0 = Release|x86
		{CE7B5C42-9122-4553-AF2A-568FB8D571CF}.Release|x64.ActiveCfg = Release|x64
		{CE7B5C42-9122-4553-AF2A-568FB8D571CF}.Release|x64.Build.0 = Release|x64
		{CE7B5C42-9122-4553-AF2A-568FB8D571CF}.Release|x64.Deploy.0 = Release|x64
		{CE7B5C42-9122-4553-AF2A-568FB8D571CF}.Release|x86.ActiveCfg = Release|x86
		{CE7B5C42-9122-4553-AF2A-568FB8D571CF}.Release|x86.Build.0 = Release|x86
		{CE7B5C42-9122-4553-AF2A-568FB8D571CF}.Release|x86.Deploy.0 = Release|x86
		{03E1487B-D495-4325-B97E-D3134F66C685}.Ad-Hoc|Any CPU.ActiveCfg = Debug|Any CPU
		{03E1487B-D495-4325-B97E-D3134F66C685}.Ad-Hoc|Any CPU.Build.0 = Debug|Any CPU
		{03E1487B-D495-4325-B97E-D3134F66C685}.Ad-Hoc|Any CPU.Deploy.0 = Debug|Any CPU
		{03E1487B-D495-4325-B97E-D3134F66C685}.Ad-Hoc|ARM.ActiveCfg = Debug|Any CPU
		{03E1487B-D495-4325-B97E-D3134F66C685}.Ad-Hoc|ARM.Build.0 = Debug|Any CPU
		{03E1487B-D495-4325-B97E-D3134F66C685}.Ad-Hoc|ARM.Deploy.0 = Debug|Any CPU
		{03E1487B-D495-4325-B97E-D3134F66C685}.Ad-Hoc|iPhone.ActiveCfg = Debug|Any CPU
		{03E1487B-D495-4325-B97E-D3134F66C685}.Ad-Hoc|iPhone.Build.0 = Debug|Any CPU
		{03E1487B-D495-4325-B97E-D3134F66C685}.Ad-Hoc|iPhone.Deploy.0 = Debug|Any CPU
		{03E1487B-D495-4325-B97E-D3134F66C685}.Ad-Hoc|iPhoneSimulator.ActiveCfg = Debug|Any CPU
		{03E1487B-D495-4325-B97E-D3134F66C685}.Ad-Hoc|iPhoneSimulator.Build.0 = Debug|Any CPU
		{03E1487B-D495-4325-B97E-D3134F66C685}.Ad-Hoc|iPhoneSimulator.Deploy.0 = Debug|Any CPU
		{03E1487B-D495-4325-B97E-D3134F66C685}.Ad-Hoc|x64.ActiveCfg = Debug|Any CPU
		{03E1487B-D495-4325-B97E-D3134F66C685}.Ad-Hoc|x64.Build.0 = Debug|Any CPU
		{03E1487B-D495-4325-B97E-D3134F66C685}.Ad-Hoc|x64.Deploy.0 = Debug|Any CPU
		{03E1487B-D495-4325-B97E-D3134F66C685}.Ad-Hoc|x86.ActiveCfg = Debug|Any CPU
		{03E1487B-D495-4325-B97E-D3134F66C685}.Ad-Hoc|x86.Build.0 = Debug|Any CPU
		{03E1487B-D495-4325-B97E-D3134F66C685}.Ad-Hoc|x86.Deploy.0 = Debug|Any CPU
		{03E1487B-D495-4325-B97E-D3134F66C685}.AppStore|Any CPU.ActiveCfg = Debug|Any CPU
		{03E1487B-D495-4325-B97E-D3134F66C685}.AppStore|Any CPU.Build.0 = Debug|Any CPU
		{03E1487B-D495-4325-B97E-D3134F66C685}.AppStore|Any CPU.Deploy.0 = Debug|Any CPU
		{03E1487B-D495-4325-B97E-D3134F66C685}.AppStore|ARM.ActiveCfg = Debug|Any CPU
		{03E1487B-D495-4325-B97E-D3134F66C685}.AppStore|ARM.Build.0 = Debug|Any CPU
		{03E1487B-D495-4325-B97E-D3134F66C685}.AppStore|ARM.Deploy.0 = Debug|Any CPU
		{03E1487B-D495-4325-B97E-D3134F66C685}.AppStore|iPhone.ActiveCfg = Debug|Any CPU
		{03E1487B-D495-4325-B97E-D3134F66C685}.AppStore|iPhone.Build.0 = Debug|Any CPU
		{03E1487B-D495-4325-B97E-D3134F66C685}.AppStore|iPhone.Deploy.0 = Debug|Any CPU
		{03E1487B-D495-4325-B97E-D3134F66C685}.AppStore|iPhoneSimulator.ActiveCfg = Debug|Any CPU
		{03E1487B-D495-4325-B97E-D3134F66C685}.AppStore|iPhoneSimulator.Build.0 = Debug|Any CPU
		{03E1487B-D495-4325-B97E-D3134F66C685}.AppStore|iPhoneSimulator.Deploy.0 = Debug|Any CPU
		{03E1487B-D495-4325-B97E-D3134F66C685}.AppStore|x64.ActiveCfg = Debug|Any CPU
		{03E1487B-D495-4325-B97E-D3134F66C685}.AppStore|x64.Build.0 = Debug|Any CPU
		{03E1487B-D495-4325-B97E-D3134F66C685}.AppStore|x64.Deploy.0 = Debug|Any CPU
		{03E1487B-D495-4325-B97E-D3134F66C685}.AppStore|x86.ActiveCfg = Debug|Any CPU
		{03E1487B-D495-4325-B97E-D3134F66C685}.AppStore|x86.Build.0 = Debug|Any CPU
		{03E1487B-D495-4325-B97E-D3134F66C685}.AppStore|x86.Deploy.0 = Debug|Any CPU
		{03E1487B-D495-4325-B97E-D3134F66C685}.Debug|Any CPU.ActiveCfg = Debug|Any CPU
		{03E1487B-D495-4325-B97E-D3134F66C685}.Debug|Any CPU.Build.0 = Debug|Any CPU
		{03E1487B-D495-4325-B97E-D3134F66C685}.Debug|Any CPU.Deploy.0 = Debug|Any CPU
		{03E1487B-D495-4325-B97E-D3134F66C685}.Debug|ARM.ActiveCfg = Debug|Any CPU
		{03E1487B-D495-4325-B97E-D3134F66C685}.Debug|ARM.Build.0 = Debug|Any CPU
		{03E1487B-D495-4325-B97E-D3134F66C685}.Debug|ARM.Deploy.0 = Debug|Any CPU
		{03E1487B-D495-4325-B97E-D3134F66C685}.Debug|iPhone.ActiveCfg = Debug|Any CPU
		{03E1487B-D495-4325-B97E-D3134F66C685}.Debug|iPhone.Build.0 = Debug|Any CPU
		{03E1487B-D495-4325-B97E-D3134F66C685}.Debug|iPhone.Deploy.0 = Debug|Any CPU
		{03E1487B-D495-4325-B97E-D3134F66C685}.Debug|iPhoneSimulator.ActiveCfg = Debug|Any CPU
		{03E1487B-D495-4325-B97E-D3134F66C685}.Debug|iPhoneSimulator.Build.0 = Debug|Any CPU
		{03E1487B-D495-4325-B97E-D3134F66C685}.Debug|iPhoneSimulator.Deploy.0 = Debug|Any CPU
		{03E1487B-D495-4325-B97E-D3134F66C685}.Debug|x64.ActiveCfg = Debug|Any CPU
		{03E1487B-D495-4325-B97E-D3134F66C685}.Debug|x64.Build.0 = Debug|Any CPU
		{03E1487B-D495-4325-B97E-D3134F66C685}.Debug|x64.Deploy.0 = Debug|Any CPU
		{03E1487B-D495-4325-B97E-D3134F66C685}.Debug|x86.ActiveCfg = Debug|Any CPU
		{03E1487B-D495-4325-B97E-D3134F66C685}.Debug|x86.Build.0 = Debug|Any CPU
		{03E1487B-D495-4325-B97E-D3134F66C685}.Debug|x86.Deploy.0 = Debug|Any CPU
		{03E1487B-D495-4325-B97E-D3134F66C685}.Release|Any CPU.ActiveCfg = Release|Any CPU
		{03E1487B-D495-4325-B97E-D3134F66C685}.Release|Any CPU.Build.0 = Release|Any CPU
		{03E1487B-D495-4325-B97E-D3134F66C685}.Release|Any CPU.Deploy.0 = Release|Any CPU
		{03E1487B-D495-4325-B97E-D3134F66C685}.Release|ARM.ActiveCfg = Release|Any CPU
		{03E1487B-D495-4325-B97E-D3134F66C685}.Release|ARM.Build.0 = Release|Any CPU
		{03E1487B-D495-4325-B97E-D3134F66C685}.Release|ARM.Deploy.0 = Release|Any CPU
		{03E1487B-D495-4325-B97E-D3134F66C685}.Release|iPhone.ActiveCfg = Release|Any CPU
		{03E1487B-D495-4325-B97E-D3134F66C685}.Release|iPhone.Build.0 = Release|Any CPU
		{03E1487B-D495-4325-B97E-D3134F66C685}.Release|iPhone.Deploy.0 = Release|Any CPU
		{03E1487B-D495-4325-B97E-D3134F66C685}.Release|iPhoneSimulator.ActiveCfg = Release|Any CPU
		{03E1487B-D495-4325-B97E-D3134F66C685}.Release|iPhoneSimulator.Build.0 = Release|Any CPU
		{03E1487B-D495-4325-B97E-D3134F66C685}.Release|iPhoneSimulator.Deploy.0 = Release|Any CPU
		{03E1487B-D495-4325-B97E-D3134F66C685}.Release|x64.ActiveCfg = Release|Any CPU
		{03E1487B-D495-4325-B97E-D3134F66C685}.Release|x64.Build.0 = Release|Any CPU
		{03E1487B-D495-4325-B97E-D3134F66C685}.Release|x64.Deploy.0 = Release|Any CPU
		{03E1487B-D495-4325-B97E-D3134F66C685}.Release|x86.ActiveCfg = Release|Any CPU
		{03E1487B-D495-4325-B97E-D3134F66C685}.Release|x86.Build.0 = Release|Any CPU
		{03E1487B-D495-4325-B97E-D3134F66C685}.Release|x86.Deploy.0 = Release|Any CPU
	EndGlobalSection
	GlobalSection(SolutionProperties) = preSolution
		HideSolutionNode = FALSE
	EndGlobalSection
	GlobalSection(ExtensibilityGlobals) = postSolution
		SolutionGuid = {5EDAAC3B-F51B-4C61-ADEF-958ABFBF6253}
	EndGlobalSection
EndGlobal
